
Microsoft Visual Studio Solution File, Format Version 12.00
# Visual Studio Version 17
VisualStudioVersion = 17.3.32929.385
MinimumVisualStudioVersion = 10.0.40219.1
Project("{FAE04EC0-301F-11D3-BF4B-00C04F79EFBC}") = "Kütüphane_Otomasyon_Sistemi", "Kütüphane_Otomasyon_Sistemi\Kütüphane_Otomasyon_Sistemi.csproj", "{0749F5D4-76AE-4F25-B5FB-47B521A31BA4}"
EndProject
Global
	GlobalSection(SolutionConfigurationPlatforms) = preSolution
		Debug|Any CPU = Debug|Any CPU
		Release|Any CPU = Release|Any CPU
	EndGlobalSection
	GlobalSection(ProjectConfigurationPlatforms) = postSolution
		{0749F5D4-76AE-4F25-B5FB-47B521A31BA4}.Debug|Any CPU.ActiveCfg = Debug|Any CPU
		{0749F5D4-76AE-4F25-B5FB-47B521A31BA4}.Debug|Any CPU.Build.0 = Debug|Any CPU
		{0749F5D4-76AE-4F25-B5FB-47B521A31BA4}.Release|Any CPU.ActiveCfg = Release|Any CPU
		{0749F5D4-76AE-4F25-B5FB-47B521A31BA4}.Release|Any CPU.Build.0 = Release|Any CPU
	EndGlobalSection
	GlobalSection(SolutionProperties) = preSolution
		HideSolutionNode = FALSE
	EndGlobalSection
	GlobalSection(ExtensibilityGlobals) = postSolution
		SolutionGuid = {EA8E7CD0-FB8B-48C2-B86A-0F703AF43B36}
	EndGlobalSection
EndGlobal
